
Microsoft Visual Studio Solution File, Format Version 12.00
# Visual Studio Version 17
VisualStudioVersion = 17.9.34728.123
MinimumVisualStudioVersion = 10.0.40219.1
Project("{FAE04EC0-301F-11D3-BF4B-00C04F79EFBC}") = "Ado_Dotnet", "Ado_Dotnet\Ado_Dotnet.csproj", "{0A7BA845-192F-4022-BB01-81EC63D9E40C}"
EndProject
Global
	GlobalSection(SolutionConfigurationPlatforms) = preSolution
		Debug|Any CPU = Debug|Any CPU
		Release|Any CPU = Release|Any CPU
	EndGlobalSection
	GlobalSection(ProjectConfigurationPlatforms) = postSolution
		{0A7BA845-192F-4022-BB01-81EC63D9E40C}.Debug|Any CPU.ActiveCfg = Debug|Any CPU
		{0A7BA845-192F-4022-BB01-81EC63D9E40C}.Debug|Any CPU.Build.0 = Debug|Any CPU
		{0A7BA845-192F-4022-BB01-81EC63D9E40C}.Release|Any CPU.ActiveCfg = Release|Any CPU
		{0A7BA845-192F-4022-BB01-81EC63D9E40C}.Release|Any CPU.Build.0 = Release|Any CPU
	EndGlobalSection
	GlobalSection(SolutionProperties) = preSolution
		HideSolutionNode = FALSE
	EndGlobalSection
	GlobalSection(ExtensibilityGlobals) = postSolution
		SolutionGuid = {265C08F8-0790-4149-B2F1-386C0CF6BC23}
	EndGlobalSection
EndGlobal
