
Microsoft Visual Studio Solution File, Format Version 12.00
# Visual Studio Version 17
VisualStudioVersion = 17.9.34728.123
MinimumVisualStudioVersion = 10.0.40219.1
Project("{FAE04EC0-301F-11D3-BF4B-00C04F79EFBC}") = "FirstWebApplication", "FirstWebApplication\FirstWebApplication.csproj", "{4E39C215-7867-4541-B8C3-17CBE63368DB}"
EndProject
Global
	GlobalSection(SolutionConfigurationPlatforms) = preSolution
		Debug|Any CPU = Debug|Any CPU
		Release|Any CPU = Release|Any CPU
	EndGlobalSection
	GlobalSection(ProjectConfigurationPlatforms) = postSolution
		{4E39C215-7867-4541-B8C3-17CBE63368DB}.Debug|Any CPU.ActiveCfg = Debug|Any CPU
		{4E39C215-7867-4541-B8C3-17CBE63368DB}.Debug|Any CPU.Build.0 = Debug|Any CPU
		{4E39C215-7867-4541-B8C3-17CBE63368DB}.Release|Any CPU.ActiveCfg = Release|Any CPU
		{4E39C215-7867-4541-B8C3-17CBE63368DB}.Release|Any CPU.Build.0 = Release|Any CPU
	EndGlobalSection
	GlobalSection(SolutionProperties) = preSolution
		HideSolutionNode = FALSE
	EndGlobalSection
	GlobalSection(ExtensibilityGlobals) = postSolution
		SolutionGuid = {FE65C860-B879-46B8-82BD-1D6B10AEE638}
	EndGlobalSection
EndGlobal
